
Microsoft Visual Studio Solution File, Format Version 12.00
# Visual Studio 15
VisualStudioVersion = 15.0.27130.0
MinimumVisualStudioVersion = 10.0.40219.1
Project("{FAE04EC0-301F-11D3-BF4B-00C04F79EFBC}") = "lab12(patterns)", "lab12(patterns)\lab12(patterns).csproj", "{3F2E4CD2-8D30-4B3A-BAE7-0D59EDE6DB8D}"
EndProject
Global
	GlobalSection(SolutionConfigurationPlatforms) = preSolution
		Debug|Any CPU = Debug|Any CPU
		Release|Any CPU = Release|Any CPU
	EndGlobalSection
	GlobalSection(ProjectConfigurationPlatforms) = postSolution
		{3F2E4CD2-8D30-4B3A-BAE7-0D59EDE6DB8D}.Debug|Any CPU.ActiveCfg = Debug|Any CPU
		{3F2E4CD2-8D30-4B3A-BAE7-0D59EDE6DB8D}.Debug|Any CPU.Build.0 = Debug|Any CPU
		{3F2E4CD2-8D30-4B3A-BAE7-0D59EDE6DB8D}.Release|Any CPU.ActiveCfg = Release|Any CPU
		{3F2E4CD2-8D30-4B3A-BAE7-0D59EDE6DB8D}.Release|Any CPU.Build.0 = Release|Any CPU
	EndGlobalSection
	GlobalSection(SolutionProperties) = preSolution
		HideSolutionNode = FALSE
	EndGlobalSection
	GlobalSection(ExtensibilityGlobals) = postSolution
		SolutionGuid = {3C2389CF-24FE-482C-B3AE-14A4281CFF03}
	EndGlobalSection
EndGlobal
